
Microsoft Visual Studio Solution File, Format Version 12.00
# Visual Studio Version 17
VisualStudioVersion = 17.0.32112.339
MinimumVisualStudioVersion = 10.0.40219.1
Project("{9A19103F-16F7-4668-BE54-9A1E7A4F7556}") = "SimpleApp", "SimpleApp\SimpleApp.csproj", "{896D6054-DE2B-42E2-A130-364B43015912}"
EndProject
Project("{FAE04EC0-301F-11D3-BF4B-00C04F79EFBC}") = "SimpleAppTests", "SimpleAppTests\SimpleAppTests.csproj", "{61F5FCFD-14D8-4998-BB0C-6739FF08166C}"
EndProject
Global
	GlobalSection(SolutionConfigurationPlatforms) = preSolution
		Debug|Any CPU = Debug|Any CPU
		Release|Any CPU = Release|Any CPU
	EndGlobalSection
	GlobalSection(ProjectConfigurationPlatforms) = postSolution
		{896D6054-DE2B-42E2-A130-364B43015912}.Debug|Any CPU.ActiveCfg = Debug|Any CPU
		{896D6054-DE2B-42E2-A130-364B43015912}.Debug|Any CPU.Build.0 = Debug|Any CPU
		{896D6054-DE2B-42E2-A130-364B43015912}.Release|Any CPU.ActiveCfg = Release|Any CPU
		{896D6054-DE2B-42E2-A130-364B43015912}.Release|Any CPU.Build.0 = Release|Any CPU
		{61F5FCFD-14D8-4998-BB0C-6739FF08166C}.Debug|Any CPU.ActiveCfg = Debug|Any CPU
		{61F5FCFD-14D8-4998-BB0C-6739FF08166C}.Debug|Any CPU.Build.0 = Debug|Any CPU
		{61F5FCFD-14D8-4998-BB0C-6739FF08166C}.Release|Any CPU.ActiveCfg = Release|Any CPU
		{61F5FCFD-14D8-4998-BB0C-6739FF08166C}.Release|Any CPU.Build.0 = Release|Any CPU
	EndGlobalSection
	GlobalSection(SolutionProperties) = preSolution
		HideSolutionNode = FALSE
	EndGlobalSection
	GlobalSection(ExtensibilityGlobals) = postSolution
		SolutionGuid = {5C240A5C-89E3-4E85-A7AC-91AE20FF178C}
	EndGlobalSection
EndGlobal
